{
  "name": "react-auto-code-review",
  "version": "1.0.0",
  "lockfileVersion": 1,
  "requires": true,
  "dependencies": {
    "@babel/generator": {
      "version": "7.2.2",
      "resolved": "http://artifact-repository.travel.stg.jp.local/repository/npm-public/@babel/generator/-/generator-7.2.2.tgz",
      "integrity": "sha512-I4o675J/iS8k+P38dvJ3IBGqObLXyQLTxtrR4u9cSUJOURvafeEWb/pFMOTwtNrmq73mJzyF6ueTbO1BtN0Zeg==",
      "requires": {
        "@babel/types": "^7.2.2",
        "jsesc": "^2.5.1",
        "lodash": "^4.17.10",
        "source-map": "^0.5.0",
        "trim-right": "^1.0.1"
      }
    },
    "@babel/parser": {
      "version": "7.2.2",
      "resolved": "http://artifact-repository.travel.stg.jp.local/repository/npm-public/@babel/parser/-/parser-7.2.2.tgz",
      "integrity": "sha512-UNTmQ5cSLDeBGBl+s7JeowkqIHgmFAGBnLDdIzFmUNSuS5JF0XBcN59jsh/vJO/YjfsBqMxhMjoFGmNExmf0FA=="
    },
    "@babel/types": {
      "version": "7.2.2",
      "resolved": "http://artifact-repository.travel.stg.jp.local/repository/npm-public/@babel/types/-/types-7.2.2.tgz",
      "integrity": "sha512-fKCuD6UFUMkR541eDWL+2ih/xFZBXPOg/7EQFeTluMDebfqR4jrpaCjLhkWlQS4hT6nRa2PMEgXKbRB5/H2fpg==",
      "requires": {
        "esutils": "^2.0.2",
        "lodash": "^4.17.10",
        "to-fast-properties": "^2.0.0"
      },
      "dependencies": {
        "to-fast-properties": {
          "version": "2.0.0",
          "resolved": "http://artifact-repository.travel.stg.jp.local/repository/npm-public/to-fast-properties/-/to-fast-properties-2.0.0.tgz",
          "integrity": "sha1-3F5pjL0HkmW8c+A3doGk5Og/YW4="
        }
      }
    },
    "babel-runtime": {
      "version": "6.26.0",
      "resolved": "http://artifact-repository.travel.stg.jp.local/repository/npm-public/babel-runtime/-/babel-runtime-6.26.0.tgz",
      "integrity": "sha1-llxwWGaOgrVde/4E/yM3vItWR/4=",
      "requires": {
        "core-js": "^2.4.0",
        "regenerator-runtime": "^0.11.0"
      }
    },
    "babel-types": {
      "version": "6.26.0",
      "resolved": "http://artifact-repository.travel.stg.jp.local/repository/npm-public/babel-types/-/babel-types-6.26.0.tgz",
      "integrity": "sha1-o7Bz+Uq0nrb6Vc1lInozQ4BjJJc=",
      "requires": {
        "babel-runtime": "^6.26.0",
        "esutils": "^2.0.2",
        "lodash": "^4.17.4",
        "to-fast-properties": "^1.0.3"
      }
    },
    "babylon-walk": {
      "version": "1.0.2",
      "resolved": "http://artifact-repository.travel.stg.jp.local/repository/npm-public/babylon-walk/-/babylon-walk-1.0.2.tgz",
      "integrity": "sha1-OxWl3btIKni0zpwByLoYFwLZ1s4=",
      "requires": {
        "babel-runtime": "^6.11.6",
        "babel-types": "^6.15.0",
        "lodash.clone": "^4.5.0"
      }
    },
    "core-js": {
      "version": "2.6.0",
      "resolved": "http://artifact-repository.travel.stg.jp.local/repository/npm-public/core-js/-/core-js-2.6.0.tgz",
      "integrity": "sha512-kLRC6ncVpuEW/1kwrOXYX6KQASCVtrh1gQr/UiaVgFlf9WE5Vp+lNe5+h3LuMr5PAucWnnEXwH0nQHRH/gpGtw=="
    },
    "esutils": {
      "version": "2.0.2",
      "resolved": "http://artifact-repository.travel.stg.jp.local/repository/npm-public/esutils/-/esutils-2.0.2.tgz",
      "integrity": "sha1-Cr9PHKpbyx96nYrMbepPqqBLrJs="
    },
    "file-list": {
      "version": "file:file-list"
    },
    "find-inline-methods": {
      "version": "file:find-inline-methods"
    },
    "jsesc": {
      "version": "2.5.2",
      "resolved": "http://artifact-repository.travel.stg.jp.local/repository/npm-public/jsesc/-/jsesc-2.5.2.tgz",
      "integrity": "sha512-OYu7XEzjkCQ3C5Ps3QIZsQfNpqoJyZZA99wd9aWd05NCtC5pWOkShK2mkL6HXQR6/Cy2lbNdPlZBpuQHXE63gA=="
    },
    "lodash": {
      "version": "4.17.11",
      "resolved": "http://artifact-repository.travel.stg.jp.local/repository/npm-public/lodash/-/lodash-4.17.11.tgz",
      "integrity": "sha512-cQKh8igo5QUhZ7lg38DYWAxMvjSAKG0A8wGSVimP07SIUEK2UO+arSRKbRZWtelMtN5V0Hkwh5ryOto/SshYIg=="
    },
    "lodash.clone": {
      "version": "4.5.0",
      "resolved": "http://artifact-repository.travel.stg.jp.local/repository/npm-public/lodash.clone/-/lodash.clone-4.5.0.tgz",
      "integrity": "sha1-GVhwRQ9aExkkeN9Lw9I9LeoZB7Y="
    },
    "regenerator-runtime": {
      "version": "0.11.1",
      "resolved": "http://artifact-repository.travel.stg.jp.local/repository/npm-public/regenerator-runtime/-/regenerator-runtime-0.11.1.tgz",
      "integrity": "sha512-MguG95oij0fC3QV3URf4V2SDYGJhJnJGqvIIgdECeODCT98wSWDAJ94SSuVpYQUoTcGUIL6L4yNB7j1DFFHSBg=="
    },
    "source-map": {
      "version": "0.5.7",
      "resolved": "http://artifact-repository.travel.stg.jp.local/repository/npm-public/source-map/-/source-map-0.5.7.tgz",
      "integrity": "sha1-igOdLRAh0i0eoUyA2OpGi6LvP8w="
    },
    "to-fast-properties": {
      "version": "1.0.3",
      "resolved": "http://artifact-repository.travel.stg.jp.local/repository/npm-public/to-fast-properties/-/to-fast-properties-1.0.3.tgz",
      "integrity": "sha1-uDVx+k2MJbguIxsG46MFXeTKGkc="
    },
    "trim-right": {
      "version": "1.0.1",
      "resolved": "http://artifact-repository.travel.stg.jp.local/repository/npm-public/trim-right/-/trim-right-1.0.1.tgz",
      "integrity": "sha1-yy4SAwZ+DI3h9hQJS5/kVwTqYAM="
    },
    "underscore": {
      "version": "1.9.1",
      "resolved": "http://artifact-repository.travel.stg.jp.local/repository/npm-public/underscore/-/underscore-1.9.1.tgz",
      "integrity": "sha512-5/4etnCkd9c8gwgowi5/om/mYO5ajCaOgdzj/oW+0eQV9WxKBDZw5+ycmKmeaTXjInS/W0BzpGLo2xR2aBwZdg=="
    },
    "write-to-file": {
      "version": "file:write-to-file"
    }
  }
}
